// !$*UTF8*$!
{
	archiveVersion = 1;
	classes = {
	};
	objectVersion = 50;
	objects = {

/* Begin PBXBuildFile section */
		5124691826D6C591000B9129 /* AppDelegate.swift in Sources */ = {isa = PBXBuildFile; fileRef = 5124691726D6C591000B9129 /* AppDelegate.swift */; };
		5124691A26D6C591000B9129 /* SceneDelegate.swift in Sources */ = {isa = PBXBuildFile; fileRef = 5124691926D6C591000B9129 /* SceneDelegate.swift */; };
		5124691C26D6C591000B9129 /* ViewController.swift in Sources */ = {isa = PBXBuildFile; fileRef = 5124691B26D6C591000B9129 /* ViewController.swift */; };
		5124691F26D6C591000B9129 /* Main.storyboard in Resources */ = {isa = PBXBuildFile; fileRef = 5124691D26D6C591000B9129 /* Main.storyboard */; };
		5124692126D6C597000B9129 /* Assets.xcassets in Resources */ = {isa = PBXBuildFile; fileRef = 5124692026D6C597000B9129 /* Assets.xcassets */; };
		5124692426D6C597000B9129 /* LaunchScreen.storyboard in Resources */ = {isa = PBXBuildFile; fileRef = 5124692226D6C597000B9129 /* LaunchScreen.storyboard */; };
		5124692F26D6C598000B9129 /* preworkTests.swift in Sources */ = {isa = PBXBuildFile; fileRef = 5124692E26D6C598000B9129 /* preworkTests.swift */; };
		5124693A26D6C598000B9129 /* preworkUITests.swift in Sources */ = {isa = PBXBuildFile; fileRef = 5124693926D6C598000B9129 /* preworkUITests.swift */; };
/* End PBXBuildFile section */

/* Begin PBXContainerItemProxy section */
		5124692B26D6C598000B9129 /* PBXContainerItemProxy */ = {
			isa = PBXContainerItemProxy;
			containerPortal = 5124690C26D6C591000B9129 /* Project object */;
			proxyType = 1;
			remoteGlobalIDString = 5124691326D6C591000B9129;
			remoteInfo = prework;
		};
		5124693626D6C598000B9129 /* PBXContainerItemProxy */ = {
			isa = PBXContainerItemProxy;
			containerPortal = 5124690C26D6C591000B9129 /* Project object */;
			proxyType = 1;
			remoteGlobalIDString = 5124691326D6C591000B9129;
			remoteInfo = prework;
		};
/* End PBXContainerItemProxy section */

/* Begin PBXFileReference section */
		5124691426D6C591000B9129 /* prework.app */ = {isa = PBXFileReference; explicitFileType = wrapper.application; includeInIndex = 0; path = prework.app; sourceTree = BUILT_PRODUCTS_DIR; };
		5124691726D6C591000B9129 /* AppDelegate.swift */ = {isa = PBXFileReference; lastKnownFileType = sourcecode.swift; path = AppDelegate.swift; sourceTree = "<group>"; };
		5124691926D6C591000B9129 /* SceneDelegate.swift */ = {isa = PBXFileReference; lastKnownFileType = sourcecode.swift; path = SceneDelegate.swift; sourceTree = "<group>"; };
		5124691B26D6C591000B9129 /* ViewController.swift */ = {isa = PBXFileReference; lastKnownFileType = sourcecode.swift; path = ViewController.swift; sourceTree = "<group>"; };
		5124691E26D6C591000B9129 /* Base */ = {isa = PBXFileReference; lastKnownFileType = file.storyboard; name = Base; path = Base.lproj/Main.storyboard; sourceTree = "<group>"; };
		5124692026D6C597000B9129 /* Assets.xcassets */ = {isa = PBXFileReference; lastKnownFileType = folder.assetcatalog; path = Assets.xcassets; sourceTree = "<group>"; };
		5124692326D6C597000B9129 /* Base */ = {isa = PBXFileReference; lastKnownFileType = file.storyboard; name = Base; path = Base.lproj/LaunchScreen.storyboard; sourceTree = "<group>"; };
		5124692526D6C597000B9129 /* Info.plist */ = {isa = PBXFileReference; lastKnownFileType = text.plist.xml; path = Info.plist; sourceTree = "<group>"; };
		5124692A26D6C598000B9129 /* preworkTests.xctest */ = {isa = PBXFileReference; explicitFileType = wrapper.cfbundle; includeInIndex = 0; path = preworkTests.xctest; sourceTree = BUILT_PRODUCTS_DIR; };
		5124692E26D6C598000B9129 /* preworkTests.swift */ = {isa = PBXFileReference; lastKnownFileType = sourcecode.swift; path = preworkTests.swift; sourceTree = "<group>"; };
		5124693026D6C598000B9129 /* Info.plist */ = {isa = PBXFileReference; lastKnownFileType = text.plist.xml; path = Info.plist; sourceTree = "<group>"; };
		5124693526D6C598000B9129 /* preworkUITests.xctest */ = {isa = PBXFileReference; explicitFileType = wrapper.cfbundle; includeInIndex = 0; path = preworkUITests.xctest; sourceTree = BUILT_PRODUCTS_DIR; };
		5124693926D6C598000B9129 /* preworkUITests.swift */ = {isa = PBXFileReference; lastKnownFileType = sourcecode.swift; path = preworkUITests.swift; sourceTree = "<group>"; };
		5124693B26D6C598000B9129 /* Info.plist */ = {isa = PBXFileReference; lastKnownFileType = text.plist.xml; path = Info.plist; sourceTree = "<group>"; };
/* End PBXFileReference section */

/* Begin PBXFrameworksBuildPhase section */
		5124691126D6C591000B9129 /* Frameworks */ = {
			isa = PBXFrameworksBuildPhase;
			buildActionMask = 2147483647;
			files = (
			);
			runOnlyForDeploymentPostprocessing = 0;
		};
		5124692726D6C598000B9129 /* Frameworks */ = {
			isa = PBXFrameworksBuildPhase;
			buildActionMask = 2147483647;
			files = (
			);
			runOnlyForDeploymentPostprocessing = 0;
		};
		5124693226D6C598000B9129 /* Frameworks */ = {
			isa = PBXFrameworksBuildPhase;
			buildActionMask = 2147483647;
			files = (
			);
			runOnlyForDeploymentPostprocessing = 0;
		};
/* End PBXFrameworksBuildPhase section */

/* Begin PBXGroup section */
		5124690B26D6C591000B9129 = {
			isa = PBXGroup;
			children = (
				5124691626D6C591000B9129 /* prework */,
				5124692D26D6C598000B9129 /* preworkTests */,
				5124693826D6C598000B9129 /* preworkUITests */,
				5124691526D6C591000B9129 /* Products */,
			);
			sourceTree = "<group>";
		};
		5124691526D6C591000B9129 /* Products */ = {
			isa = PBXGroup;
			children = (
				5124691426D6C591000B9129 /* prework.app */,
				5124692A26D6C598000B9129 /* preworkTests.xctest */,
				5124693526D6C598000B9129 /* preworkUITests.xctest */,
			);
			name = Products;
			sourceTree = "<group>";
		};
		5124691626D6C591000B9129 /* prework */ = {
			isa = PBXGroup;
			children = (
				5124691726D6C591000B9129 /* AppDelegate.swift */,
				5124691926D6C591000B9129 /* SceneDelegate.swift */,
				5124691B26D6C591000B9129 /* ViewController.swift */,
				5124691D26D6C591000B9129 /* Main.storyboard */,
				5124692026D6C597000B9129 /* Assets.xcassets */,
				5124692226D6C597000B9129 /* LaunchScreen.storyboard */,
				5124692526D6C597000B9129 /* Info.plist */,
			);
			path = prework;
			sourceTree = "<group>";
		};
		5124692D26D6C598000B9129 /* preworkTests */ = {
			isa = PBXGroup;
			children = (
				5124692E26D6C598000B9129 /* preworkTests.swift */,
				5124693026D6C598000B9129 /* Info.plist */,
			);
			path = preworkTests;
			sourceTree = "<group>";
		};
		5124693826D6C598000B9129 /* preworkUITests */ = {
			isa = PBXGroup;
			children = (
				5124693926D6C598000B9129 /* preworkUITests.swift */,
				5124693B26D6C598000B9129 /* Info.plist */,
			);
			path = preworkUITests;
			sourceTree = "<group>";
		};
/* End PBXGroup section */

/* Begin PBXNativeTarget section */
		5124691326D6C591000B9129 /* prework */ = {
			isa = PBXNativeTarget;
			buildConfigurationList = 5124693E26D6C598000B9129 /* Build configuration list for PBXNativeTarget "prework" */;
			buildPhases = (
				5124691026D6C591000B9129 /* Sources */,
				5124691126D6C591000B9129 /* Frameworks */,
				5124691226D6C591000B9129 /* Resources */,
			);
			buildRules = (
			);
			dependencies = (
			);
			name = prework;
			productName = prework;
			productReference = 5124691426D6C591000B9129 /* prework.app */;
			productType = "com.apple.product-type.application";
		};
		5124692926D6C598000B9129 /* preworkTests */ = {
			isa = PBXNativeTarget;
			buildConfigurationList = 5124694126D6C598000B9129 /* Build configuration list for PBXNativeTarget "preworkTests" */;
			buildPhases = (
				5124692626D6C598000B9129 /* Sources */,
				5124692726D6C598000B9129 /* Frameworks */,
				5124692826D6C598000B9129 /* Resources */,
			);
			buildRules = (
			);
			dependencies = (
				5124692C26D6C598000B9129 /* PBXTargetDependency */,
			);
			name = preworkTests;
			productName = preworkTests;
			productReference = 5124692A26D6C598000B9129 /* preworkTests.xctest */;
			productType = "com.apple.product-type.bundle.unit-test";
		};
		5124693426D6C598000B9129 /* preworkUITests */ = {
			isa = PBXNativeTarget;
			buildConfigurationList = 5124694426D6C598000B9129 /* Build configuration list for PBXNativeTarget "preworkUITests" */;
			buildPhases = (
				5124693126D6C598000B9129 /* Sources */,
				5124693226D6C598000B9129 /* Frameworks */,
				5124693326D6C598000B9129 /* Resources */,
			);
			buildRules = (
			);
			dependencies = (
				5124693726D6C598000B9129 /* PBXTargetDependency */,
			);
			name = preworkUITests;
			productName = preworkUITests;
			productReference = 5124693526D6C598000B9129 /* preworkUITests.xctest */;
			productType = "com.apple.product-type.bundle.ui-testing";
		};
/* End PBXNativeTarget section */

/* Begin PBXProject section */
		5124690C26D6C591000B9129 /* Project object */ = {
			isa = PBXProject;
			attributes = {
				LastSwiftUpdateCheck = 1250;
				LastUpgradeCheck = 1250;
				TargetAttributes = {
					5124691326D6C591000B9129 = {
						CreatedOnToolsVersion = 12.5.1;
					};
					5124692926D6C598000B9129 = {
						CreatedOnToolsVersion = 12.5.1;
						TestTargetID = 5124691326D6C591000B9129;
					};
					5124693426D6C598000B9129 = {
						CreatedOnToolsVersion = 12.5.1;
						TestTargetID = 5124691326D6C591000B9129;
					};
				};
			};
			buildConfigurationList = 5124690F26D6C591000B9129 /* Build configuration list for PBXProject "prework" */;
			compatibilityVersion = "Xcode 9.3";
			developmentRegion = en;
			hasScannedForEncodings = 0;
			knownRegions = (
				en,
				Base,
			);
			mainGroup = 5124690B26D6C591000B9129;
			productRefGroup = 5124691526D6C591000B9129 /* Products */;
			projectDirPath = "";
			projectRoot = "";
			targets = (
				5124691326D6C591000B9129 /* prework */,
				5124692926D6C598000B9129 /* preworkTests */,
				5124693426D6C598000B9129 /* preworkUITests */,
			);
		};
/* End PBXProject section */

/* Begin PBXResourcesBuildPhase section */
		5124691226D6C591000B9129 /* Resources */ = {
			isa = PBXResourcesBuildPhase;
			buildActionMask = 2147483647;
			files = (
				5124692426D6C597000B9129 /* LaunchScreen.storyboard in Resources */,
				5124692126D6C597000B9129 /* Assets.xcassets in Resources */,
				5124691F26D6C591000B9129 /* Main.storyboard in Resources */,
			);
			runOnlyForDeploymentPostprocessing = 0;
		};
		5124692826D6C598000B9129 /* Resources */ = {
			isa = PBXResourcesBuildPhase;
			buildActionMask = 2147483647;
			files = (
			);
			runOnlyForDeploymentPostprocessing = 0;
		};
		5124693326D6C598000B9129 /* Resources */ = {
			isa = PBXResourcesBuildPhase;
			buildActionMask = 2147483647;
			files = (
			);
			runOnlyForDeploymentPostprocessing = 0;
		};
/* End PBXResourcesBuildPhase section */

/* Begin PBXSourcesBuildPhase section */
		5124691026D6C591000B9129 /* Sources */ = {
			isa = PBXSourcesBuildPhase;
			buildActionMask = 2147483647;
			files = (
				5124691C26D6C591000B9129 /* ViewController.swift in Sources */,
				5124691826D6C591000B9129 /* AppDelegate.swift in Sources */,
				5124691A26D6C591000B9129 /* SceneDelegate.swift in Sources */,
			);
			runOnlyForDeploymentPostprocessing = 0;
		};
		5124692626D6C598000B9129 /* Sources */ = {
			isa = PBXSourcesBuildPhase;
			buildActionMask = 2147483647;
			files = (
				5124692F26D6C598000B9129 /* preworkTests.swift in Sources */,
			);
			runOnlyForDeploymentPostprocessing = 0;
		};
		5124693126D6C598000B9129 /* Sources */ = {
			isa = PBXSourcesBuildPhase;
			buildActionMask = 2147483647;
			files = (
				5124693A26D6C598000B9129 /* preworkUITests.swift in Sources */,
			);
			runOnlyForDeploymentPostprocessing = 0;
		};
/* End PBXSourcesBuildPhase section */

/* Begin PBXTargetDependency section */
		5124692C26D6C598000B9129 /* PBXTargetDependency */ = {
			isa = PBXTargetDependency;
			target = 5124691326D6C591000B9129 /* prework */;
			targetProxy = 5124692B26D6C598000B9129 /* PBXContainerItemProxy */;
		};
		5124693726D6C598000B9129 /* PBXTargetDependency */ = {
			isa = PBXTargetDependency;
			target = 5124691326D6C591000B9129 /* prework */;
			targetProxy = 5124693626D6C598000B9129 /* PBXContainerItemProxy */;
		};
/* End PBXTargetDependency section */

/* Begin PBXVariantGroup section */
		5124691D26D6C591000B9129 /* Main.storyboard */ = {
			isa = PBXVariantGroup;
			children = (
				5124691E26D6C591000B9129 /* Base */,
			);
			name = Main.storyboard;
			sourceTree = "<group>";
		};
		5124692226D6C597000B9129 /* LaunchScreen.storyboard */ = {
			isa = PBXVariantGroup;
			children = (
				5124692326D6C597000B9129 /* Base */,
			);
			name = LaunchScreen.storyboard;
			sourceTree = "<group>";
		};
/* End PBXVariantGroup section */

/* Begin XCBuildConfiguration section */
		5124693C26D6C598000B9129 /* Debug */ = {
			isa = XCBuildConfiguration;
			buildSettings = {
				ALWAYS_SEARCH_USER_PATHS = NO;
				CLANG_ANALYZER_NONNULL = YES;
				CLANG_ANALYZER_NUMBER_OBJECT_CONVERSION = YES_AGGRESSIVE;
				CLANG_CXX_LANGUAGE_STANDARD = "gnu++14";
				CLANG_CXX_LIBRARY = "libc++";
				CLANG_ENABLE_MODULES = YES;
				CLANG_ENABLE_OBJC_ARC = YES;
				CLANG_ENABLE_OBJC_WEAK = YES;
				CLANG_WARN_BLOCK_CAPTURE_AUTORELEASING = YES;
				CLANG_WARN_BOOL_CONVERSION = YES;
				CLANG_WARN_COMMA = YES;
				CLANG_WARN_CONSTANT_CONVERSION = YES;
				CLANG_WARN_DEPRECATED_OBJC_IMPLEMENTATIONS = YES;
				CLANG_WARN_DIRECT_OBJC_ISA_USAGE = YES_ERROR;
				CLANG_WARN_DOCUMENTATION_COMMENTS = YES;
				CLANG_WARN_EMPTY_BODY = YES;
				CLANG_WARN_ENUM_CONVERSION = YES;
				CLANG_WARN_INFINITE_RECURSION = YES;
				CLANG_WARN_INT_CONVERSION = YES;
				CLANG_WARN_NON_LITERAL_NULL_CONVERSION = YES;
				CLANG_WARN_OBJC_IMPLICIT_RETAIN_SELF = YES;
				CLANG_WARN_OBJC_LITERAL_CONVERSION = YES;
				CLANG_WARN_OBJC_ROOT_CLASS = YES_ERROR;
				CLANG_WARN_QUOTED_INCLUDE_IN_FRAMEWORK_HEADER = YES;
				CLANG_WARN_RANGE_LOOP_ANALYSIS = YES;
				CLANG_WARN_STRICT_PROTOTYPES = YES;
				CLANG_WARN_SUSPICIOUS_MOVE = YES;
				CLANG_WARN_UNGUARDED_AVAILABILITY = YES_AGGRESSIVE;
				CLANG_WARN_UNREACHABLE_CODE = YES;
				CLANG_WARN__DUPLICATE_METHOD_MATCH = YES;
				COPY_PHASE_STRIP = NO;
				DEBUG_INFORMATION_FORMAT = dwarf;
				ENABLE_STRICT_OBJC_MSGSEND = YES;
				ENABLE_TESTABILITY = YES;
				GCC_C_LANGUAGE_STANDARD = gnu11;
				GCC_DYNAMIC_NO_PIC = NO;
				GCC_NO_COMMON_BLOCKS = YES;
				GCC_OPTIMIZATION_LEVEL = 0;
				GCC_PREPROCESSOR_DEFINITIONS = (
					"DEBUG=1",
					"$(inherited)",
				);
				GCC_WARN_64_TO_32_BIT_CONVERSION = YES;
				GCC_WARN_ABOUT_RETURN_TYPE = YES_ERROR;
				GCC_WARN_UNDECLARED_SELECTOR = YES;
				GCC_WARN_UNINITIALIZED_AUTOS = YES_AGGRESSIVE;
				GCC_WARN_UNUSED_FUNCTION = YES;
				GCC_WARN_UNUSED_VARIABLE = YES;
				IPHONEOS_DEPLOYMENT_TARGET = 14.5;
				MTL_ENABLE_DEBUG_INFO = INCLUDE_SOURCE;
				MTL_FAST_MATH = YES;
				ONLY_ACTIVE_ARCH = YES;
				SDKROOT = iphoneos;
				SWIFT_ACTIVE_COMPILATION_CONDITIONS = DEBUG;
				SWIFT_OPTIMIZATION_LEVEL = "-Onone";
			};
			name = Debug;
		};
		5124693D26D6C598000B9129 /* Release */ = {
			isa = XCBuildConfiguration;
			buildSettings = {
				ALWAYS_SEARCH_USER_PATHS = NO;
				CLANG_ANALYZER_NONNULL = YES;
				CLANG_ANALYZER_NUMBER_OBJECT_CONVERSION = YES_AGGRESSIVE;
				CLANG_CXX_LANGUAGE_STANDARD = "gnu++14";
				CLANG_CXX_LIBRARY = "libc++";
				CLANG_ENABLE_MODULES = YES;
				CLANG_ENABLE_OBJC_ARC = YES;
				CLANG_ENABLE_OBJC_WEAK = YES;
				CLANG_WARN_BLOCK_CAPTURE_AUTORELEASING = YES;
				CLANG_WARN_BOOL_CONVERSION = YES;
				CLANG_WARN_COMMA = YES;
				CLANG_WARN_CONSTANT_CONVERSION = YES;
				CLANG_WARN_DEPRECATED_OBJC_IMPLEMENTATIONS = YES;
				CLANG_WARN_DIRECT_OBJC_ISA_USAGE = YES_ERROR;
				CLANG_WARN_DOCUMENTATION_COMMENTS = YES;
				CLANG_WARN_EMPTY_BODY = YES;
				CLANG_WARN_ENUM_CONVERSION = YES;
				CLANG_WARN_INFINITE_RECURSION = YES;
				CLANG_WARN_INT_CONVERSION = YES;
				CLANG_WARN_NON_LITERAL_NULL_CONVERSION = YES;
				CLANG_WARN_OBJC_IMPLICIT_RETAIN_SELF = YES;
				CLANG_WARN_OBJC_LITERAL_CONVERSION = YES;
				CLANG_WARN_OBJC_ROOT_CLASS = YES_ERROR;
				CLANG_WARN_QUOTED_INCLUDE_IN_FRAMEWORK_HEADER = YES;
				CLANG_WARN_RANGE_LOOP_ANALYSIS = YES;
				CLANG_WARN_STRICT_PROTOTYPES = YES;
				CLANG_WARN_SUSPICIOUS_MOVE = YES;
				CLANG_WARN_UNGUARDED_AVAILABILITY = YES_AGGRESSIVE;
				CLANG_WARN_UNREACHABLE_CODE = YES;
				CLANG_WARN__DUPLICATE_METHOD_MATCH = YES;
				COPY_PHASE_STRIP = NO;
				DEBUG_INFORMATION_FORMAT = "dwarf-with-dsym";
				ENABLE_NS_ASSERTIONS = NO;
				ENABLE_STRICT_OBJC_MSGSEND = YES;
				GCC_C_LANGUAGE_STANDARD = gnu11;
				GCC_NO_COMMON_BLOCKS = YES;
				GCC_WARN_64_TO_32_BIT_CONVERSION = YES;
				GCC_WARN_ABOUT_RETURN_TYPE = YES_ERROR;
				GCC_WARN_UNDECLARED_SELECTOR = YES;
				GCC_WARN_UNINITIALIZED_AUTOS = YES_AGGRESSIVE;
				GCC_WARN_UNUSED_FUNCTION = YES;
				GCC_WARN_UNUSED_VARIABLE = YES;
				IPHONEOS_DEPLOYMENT_TARGET = 14.5;
				MTL_ENABLE_DEBUG_INFO = NO;
				MTL_FAST_MATH = YES;
				SDKROOT = iphoneos;
				SWIFT_COMPILATION_MODE = wholemodule;
				SWIFT_OPTIMIZATION_LEVEL = "-O";
				VALIDATE_PRODUCT = YES;
			};
			name = Release;
		};
		5124693F26D6C598000B9129 /* Debug */ = {
			isa = XCBuildConfiguration;
			buildSettings = {
				ASSETCATALOG_COMPILER_APPICON_NAME = AppIcon;
				ASSETCATALOG_COMPILER_GLOBAL_ACCENT_COLOR_NAME = AccentColor;
				CODE_SIGN_STYLE = Automatic;
				INFOPLIST_FILE = prework/Info.plist;
				LD_RUNPATH_SEARCH_PATHS = (
					"$(inherited)",
					"@executable_path/Frameworks",
				);
				PRODUCT_BUNDLE_IDENTIFIER = memo.com.prework;
				PRODUCT_NAME = "$(TARGET_NAME)";
				SWIFT_VERSION = 5.0;
				TARGETED_DEVICE_FAMILY = "1,2";
			};
			name = Debug;
		};
		5124694026D6C598000B9129 /* Release */ = {
			isa = XCBuildConfiguration;
			buildSettings = {
				ASSETCATALOG_COMPILER_APPICON_NAME = AppIcon;
				ASSETCATALOG_COMPILER_GLOBAL_ACCENT_COLOR_NAME = AccentColor;
				CODE_SIGN_STYLE = Automatic;
				INFOPLIST_FILE = prework/Info.plist;
				LD_RUNPATH_SEARCH_PATHS = (
					"$(inherited)",
					"@executable_path/Frameworks",
				);
				PRODUCT_BUNDLE_IDENTIFIER = memo.com.prework;
				PRODUCT_NAME = "$(TARGET_NAME)";
				SWIFT_VERSION = 5.0;
				TARGETED_DEVICE_FAMILY = "1,2";
			};
			name = Release;
		};
		5124694226D6C598000B9129 /* Debug */ = {
			isa = XCBuildConfiguration;
			buildSettings = {
				ALWAYS_EMBED_SWIFT_STANDARD_LIBRARIES = YES;
				BUNDLE_LOADER = "$(TEST_HOST)";
				CODE_SIGN_STYLE = Automatic;
				INFOPLIST_FILE = preworkTests/Info.plist;
				IPHONEOS_DEPLOYMENT_TARGET = 14.5;
				LD_RUNPATH_SEARCH_PATHS = (
					"$(inherited)",
					"@executable_path/Frameworks",
					"@loader_path/Frameworks",
				);
				PRODUCT_BUNDLE_IDENTIFIER = memo.com.preworkTests;
				PRODUCT_NAME = "$(TARGET_NAME)";
				SWIFT_VERSION = 5.0;
				TARGETED_DEVICE_FAMILY = "1,2";
				TEST_HOST = "$(BUILT_PRODUCTS_DIR)/prework.app/prework";
			};
			name = Debug;
		};
		5124694326D6C598000B9129 /* Release */ = {
			isa = XCBuildConfiguration;
			buildSettings = {
				ALWAYS_EMBED_SWIFT_STANDARD_LIBRARIES = YES;
				BUNDLE_LOADER = "$(TEST_HOST)";
				CODE_SIGN_STYLE = Automatic;
				INFOPLIST_FILE = preworkTests/Info.plist;
				IPHONEOS_DEPLOYMENT_TARGET = 14.5;
				LD_RUNPATH_SEARCH_PATHS = (
					"$(inherited)",
					"@executable_path/Frameworks",
					"@loader_path/Frameworks",
				);
				PRODUCT_BUNDLE_IDENTIFIER = memo.com.preworkTests;
				PRODUCT_NAME = "$(TARGET_NAME)";
				SWIFT_VERSION = 5.0;
				TARGETED_DEVICE_FAMILY = "1,2";
				TEST_HOST = "$(BUILT_PRODUCTS_DIR)/prework.app/prework";
			};
			name = Release;
		};
		5124694526D6C598000B9129 /* Debug */ = {
			isa = XCBuildConfiguration;
			buildSettings = {
				ALWAYS_EMBED_SWIFT_STANDARD_LIBRARIES = YES;
				CODE_SIGN_STYLE = Automatic;
				INFOPLIST_FILE = preworkUITests/Info.plist;
				LD_RUNPATH_SEARCH_PATHS = (
					"$(inherited)",
					"@executable_path/Frameworks",
					"@loader_path/Frameworks",
				);
				PRODUCT_BUNDLE_IDENTIFIER = memo.com.preworkUITests;
				PRODUCT_NAME = "$(TARGET_NAME)";
				SWIFT_VERSION = 5.0;
				TARGETED_DEVICE_FAMILY = "1,2";
				TEST_TARGET_NAME = prework;
			};
			name = Debug;
		};
		5124694626D6C598000B9129 /* Release */ = {
			isa = XCBuildConfiguration;
			buildSettings = {
				ALWAYS_EMBED_SWIFT_STANDARD_LIBRARIES = YES;
				CODE_SIGN_STYLE = Automatic;
				INFOPLIST_FILE = preworkUITests/Info.plist;
				LD_RUNPATH_SEARCH_PATHS = (
					"$(inherited)",
					"@executable_path/Frameworks",
					"@loader_path/Frameworks",
				);
				PRODUCT_BUNDLE_IDENTIFIER = memo.com.preworkUITests;
				PRODUCT_NAME = "$(TARGET_NAME)";
				SWIFT_VERSION = 5.0;
				TARGETED_DEVICE_FAMILY = "1,2";
				TEST_TARGET_NAME = prework;
			};
			name = Release;
		};
/* End XCBuildConfiguration section */

/* Begin XCConfigurationList section */
		5124690F26D6C591000B9129 /* Build configuration list for PBXProject "prework" */ = {
			isa = XCConfigurationList;
			buildConfigurations = (
				5124693C26D6C598000B9129 /* Debug */,
				5124693D26D6C598000B9129 /* Release */,
			);
			defaultConfigurationIsVisible = 0;
			defaultConfigurationName = Release;
		};
		5124693E26D6C598000B9129 /* Build configuration list for PBXNativeTarget "prework" */ = {
			isa = XCConfigurationList;
			buildConfigurations = (
				5124693F26D6C598000B9129 /* Debug */,
				5124694026D6C598000B9129 /* Release */,
			);
			defaultConfigurationIsVisible = 0;
			defaultConfigurationName = Release;
		};
		5124694126D6C598000B9129 /* Build configuration list for PBXNativeTarget "preworkTests" */ = {
			isa = XCConfigurationList;
			buildConfigurations = (
				5124694226D6C598000B9129 /* Debug */,
				5124694326D6C598000B9129 /* Release */,
			);
			defaultConfigurationIsVisible = 0;
			defaultConfigurationName = Release;
		};
		5124694426D6C598000B9129 /* Build configuration list for PBXNativeTarget "preworkUITests" */ = {
			isa = XCConfigurationList;
			buildConfigurations = (
				5124694526D6C598000B9129 /* Debug */,
				5124694626D6C598000B9129 /* Release */,
			);
			defaultConfigurationIsVisible = 0;
			defaultConfigurationName = Release;
		};
/* End XCConfigurationList section */
	};
	rootObject = 5124690C26D6C591000B9129 /* Project object */;
}
